// !$*UTF8*$!
{
	archiveVersion = 1;
	classes = {
	};
	objectVersion = 50;
	objects = {

/* Begin PBXBuildFile section */
		B191E1012205FE7400FD2C59 /* AuthResponse.swift in Sources */ = {isa = PBXBuildFile; fileRef = B191E1002205FE7400FD2C59 /* AuthResponse.swift */; };
		B191E1052206328F00FD2C59 /* HTTPMethod.swift in Sources */ = {isa = PBXBuildFile; fileRef = B191E1042206328F00FD2C59 /* HTTPMethod.swift */; };
		EA685FBA220488D3003504F1 /* NetworkRouterMock.swift in Sources */ = {isa = PBXBuildFile; fileRef = EA685FB4220488D3003504F1 /* NetworkRouterMock.swift */; };
		EA685FBD220488D3003504F1 /* ImageListResponse.json in Resources */ = {isa = PBXBuildFile; fileRef = EA685FB8220488D3003504F1 /* ImageListResponse.json */; };
		EA685FC32204AE29003504F1 /* AuthParameters.swift in Sources */ = {isa = PBXBuildFile; fileRef = EA685FC22204AE29003504F1 /* AuthParameters.swift */; };
		EA685FC52204B084003504F1 /* HTTPParametersConvertable.swift in Sources */ = {isa = PBXBuildFile; fileRef = EA685FC42204B084003504F1 /* HTTPParametersConvertable.swift */; };
		EA80277522045C5100954120 /* AppDelegate.swift in Sources */ = {isa = PBXBuildFile; fileRef = EA80277422045C5100954120 /* AppDelegate.swift */; };
		EA80277722045C5100954120 /* ViewController.swift in Sources */ = {isa = PBXBuildFile; fileRef = EA80277622045C5100954120 /* ViewController.swift */; };
		EA80277A22045C5100954120 /* Main.storyboard in Resources */ = {isa = PBXBuildFile; fileRef = EA80277822045C5100954120 /* Main.storyboard */; };
		EA80277C22045C5200954120 /* Assets.xcassets in Resources */ = {isa = PBXBuildFile; fileRef = EA80277B22045C5200954120 /* Assets.xcassets */; };
		EA80277F22045C5200954120 /* LaunchScreen.storyboard in Resources */ = {isa = PBXBuildFile; fileRef = EA80277D22045C5200954120 /* LaunchScreen.storyboard */; };
		EA8027B32204610600954120 /* UserResponse.swift in Sources */ = {isa = PBXBuildFile; fileRef = EA8027AC2204610500954120 /* UserResponse.swift */; };
		EA8027B42204610600954120 /* NetworkRouter.swift in Sources */ = {isa = PBXBuildFile; fileRef = EA8027AF2204610500954120 /* NetworkRouter.swift */; };
		EA8027B52204610600954120 /* NetworkService.swift in Sources */ = {isa = PBXBuildFile; fileRef = EA8027B02204610500954120 /* NetworkService.swift */; };
		EA8027B62204610600954120 /* NetworkResult.swift in Sources */ = {isa = PBXBuildFile; fileRef = EA8027B12204610500954120 /* NetworkResult.swift */; };
		EA8027B72204610600954120 /* Endpoint.swift in Sources */ = {isa = PBXBuildFile; fileRef = EA8027B22204610500954120 /* Endpoint.swift */; };
		EA8027B922047B3A00954120 /* NetworkServiceTest.swift in Sources */ = {isa = PBXBuildFile; fileRef = EA8027B822047B3A00954120 /* NetworkServiceTest.swift */; };
		EA8027BB22047B4000954120 /* EndpointTest.swift in Sources */ = {isa = PBXBuildFile; fileRef = EA8027BA22047B4000954120 /* EndpointTest.swift */; };
		EADF06372204C37C008C2505 /* ImageResponse.swift in Sources */ = {isa = PBXBuildFile; fileRef = EADF06362204C37C008C2505 /* ImageResponse.swift */; };
/* End PBXBuildFile section */

/* Begin PBXContainerItemProxy section */
		EA80278622045C5200954120 /* PBXContainerItemProxy */ = {
			isa = PBXContainerItemProxy;
			containerPortal = EA80276922045C5100954120 /* Project object */;
			proxyType = 1;
			remoteGlobalIDString = EA80277022045C5100954120;
			remoteInfo = HeyBeach;
		};
/* End PBXContainerItemProxy section */

/* Begin PBXFileReference section */
		B191E1002205FE7400FD2C59 /* AuthResponse.swift */ = {isa = PBXFileReference; lastKnownFileType = sourcecode.swift; path = AuthResponse.swift; sourceTree = "<group>"; };
		B191E1042206328F00FD2C59 /* HTTPMethod.swift */ = {isa = PBXFileReference; lastKnownFileType = sourcecode.swift; path = HTTPMethod.swift; sourceTree = "<group>"; };
		EA685FB4220488D3003504F1 /* NetworkRouterMock.swift */ = {isa = PBXFileReference; fileEncoding = 4; lastKnownFileType = sourcecode.swift; path = NetworkRouterMock.swift; sourceTree = "<group>"; };
		EA685FB8220488D3003504F1 /* ImageListResponse.json */ = {isa = PBXFileReference; fileEncoding = 4; lastKnownFileType = text.json; path = ImageListResponse.json; sourceTree = "<group>"; };
		EA685FC22204AE29003504F1 /* AuthParameters.swift */ = {isa = PBXFileReference; lastKnownFileType = sourcecode.swift; path = AuthParameters.swift; sourceTree = "<group>"; };
		EA685FC42204B084003504F1 /* HTTPParametersConvertable.swift */ = {isa = PBXFileReference; lastKnownFileType = sourcecode.swift; path = HTTPParametersConvertable.swift; sourceTree = "<group>"; };
		EA80277122045C5100954120 /* HeyBeach.app */ = {isa = PBXFileReference; explicitFileType = wrapper.application; includeInIndex = 0; path = HeyBeach.app; sourceTree = BUILT_PRODUCTS_DIR; };
		EA80277422045C5100954120 /* AppDelegate.swift */ = {isa = PBXFileReference; lastKnownFileType = sourcecode.swift; path = AppDelegate.swift; sourceTree = "<group>"; };
		EA80277622045C5100954120 /* ViewController.swift */ = {isa = PBXFileReference; lastKnownFileType = sourcecode.swift; path = ViewController.swift; sourceTree = "<group>"; };
		EA80277922045C5100954120 /* Base */ = {isa = PBXFileReference; lastKnownFileType = file.storyboard; name = Base; path = Base.lproj/Main.storyboard; sourceTree = "<group>"; };
		EA80277B22045C5200954120 /* Assets.xcassets */ = {isa = PBXFileReference; lastKnownFileType = folder.assetcatalog; path = Assets.xcassets; sourceTree = "<group>"; };
		EA80277E22045C5200954120 /* Base */ = {isa = PBXFileReference; lastKnownFileType = file.storyboard; name = Base; path = Base.lproj/LaunchScreen.storyboard; sourceTree = "<group>"; };
		EA80278022045C5200954120 /* Info.plist */ = {isa = PBXFileReference; lastKnownFileType = text.plist.xml; path = Info.plist; sourceTree = "<group>"; };
		EA80278522045C5200954120 /* HeyBeachTests.xctest */ = {isa = PBXFileReference; explicitFileType = wrapper.cfbundle; includeInIndex = 0; path = HeyBeachTests.xctest; sourceTree = BUILT_PRODUCTS_DIR; };
		EA80278B22045C5200954120 /* Info.plist */ = {isa = PBXFileReference; lastKnownFileType = text.plist.xml; path = Info.plist; sourceTree = "<group>"; };
		EA8027AC2204610500954120 /* UserResponse.swift */ = {isa = PBXFileReference; fileEncoding = 4; lastKnownFileType = sourcecode.swift; path = UserResponse.swift; sourceTree = "<group>"; };
		EA8027AF2204610500954120 /* NetworkRouter.swift */ = {isa = PBXFileReference; fileEncoding = 4; lastKnownFileType = sourcecode.swift; path = NetworkRouter.swift; sourceTree = "<group>"; };
		EA8027B02204610500954120 /* NetworkService.swift */ = {isa = PBXFileReference; fileEncoding = 4; lastKnownFileType = sourcecode.swift; path = NetworkService.swift; sourceTree = "<group>"; };
		EA8027B12204610500954120 /* NetworkResult.swift */ = {isa = PBXFileReference; fileEncoding = 4; lastKnownFileType = sourcecode.swift; path = NetworkResult.swift; sourceTree = "<group>"; };
		EA8027B22204610500954120 /* Endpoint.swift */ = {isa = PBXFileReference; fileEncoding = 4; lastKnownFileType = sourcecode.swift; path = Endpoint.swift; sourceTree = "<group>"; };
		EA8027B822047B3A00954120 /* NetworkServiceTest.swift */ = {isa = PBXFileReference; fileEncoding = 4; lastKnownFileType = sourcecode.swift; path = NetworkServiceTest.swift; sourceTree = "<group>"; };
		EA8027BA22047B4000954120 /* EndpointTest.swift */ = {isa = PBXFileReference; fileEncoding = 4; lastKnownFileType = sourcecode.swift; path = EndpointTest.swift; sourceTree = "<group>"; };
		EADF06362204C37C008C2505 /* ImageResponse.swift */ = {isa = PBXFileReference; lastKnownFileType = sourcecode.swift; path = ImageResponse.swift; sourceTree = "<group>"; };
/* End PBXFileReference section */

/* Begin PBXFrameworksBuildPhase section */
		EA80276E22045C5100954120 /* Frameworks */ = {
			isa = PBXFrameworksBuildPhase;
			buildActionMask = 2147483647;
			files = (
			);
			runOnlyForDeploymentPostprocessing = 0;
		};
		EA80278222045C5200954120 /* Frameworks */ = {
			isa = PBXFrameworksBuildPhase;
			buildActionMask = 2147483647;
			files = (
			);
			runOnlyForDeploymentPostprocessing = 0;
		};
/* End PBXFrameworksBuildPhase section */

/* Begin PBXGroup section */
		EA685FB2220488D3003504F1 /* Mocks */ = {
			isa = PBXGroup;
			children = (
				EA685FB4220488D3003504F1 /* NetworkRouterMock.swift */,
			);
			path = Mocks;
			sourceTree = "<group>";
		};
		EA685FB7220488D3003504F1 /* Mock Data */ = {
			isa = PBXGroup;
			children = (
				EA685FB8220488D3003504F1 /* ImageListResponse.json */,
			);
			path = "Mock Data";
			sourceTree = "<group>";
		};
		EA685FC12204AE0C003504F1 /* Parameters */ = {
			isa = PBXGroup;
			children = (
				EA685FC22204AE29003504F1 /* AuthParameters.swift */,
				EA685FC42204B084003504F1 /* HTTPParametersConvertable.swift */,
			);
			path = Parameters;
			sourceTree = "<group>";
		};
		EA80276822045C5100954120 = {
			isa = PBXGroup;
			children = (
				EA80277322045C5100954120 /* HeyBeach */,
				EA80278822045C5200954120 /* HeyBeachTests */,
				EA80277222045C5100954120 /* Products */,
			);
			sourceTree = "<group>";
		};
		EA80277222045C5100954120 /* Products */ = {
			isa = PBXGroup;
			children = (
				EA80277122045C5100954120 /* HeyBeach.app */,
				EA80278522045C5200954120 /* HeyBeachTests.xctest */,
			);
			name = Products;
			sourceTree = "<group>";
		};
		EA80277322045C5100954120 /* HeyBeach */ = {
			isa = PBXGroup;
			children = (
				EA8027AA2204610500954120 /* Network Layer */,
				EA80277422045C5100954120 /* AppDelegate.swift */,
				EA80277622045C5100954120 /* ViewController.swift */,
				EA80277822045C5100954120 /* Main.storyboard */,
				EA80277B22045C5200954120 /* Assets.xcassets */,
				EA80277D22045C5200954120 /* LaunchScreen.storyboard */,
				EA80278022045C5200954120 /* Info.plist */,
			);
			path = HeyBeach;
			sourceTree = "<group>";
		};
		EA80278822045C5200954120 /* HeyBeachTests */ = {
			isa = PBXGroup;
			children = (
				EA685FB7220488D3003504F1 /* Mock Data */,
				EA685FB2220488D3003504F1 /* Mocks */,
				EA8027BA22047B4000954120 /* EndpointTest.swift */,
				EA8027B822047B3A00954120 /* NetworkServiceTest.swift */,
				EA80278B22045C5200954120 /* Info.plist */,
			);
			path = HeyBeachTests;
			sourceTree = "<group>";
		};
		EA8027AA2204610500954120 /* Network Layer */ = {
			isa = PBXGroup;
			children = (
				EA685FC12204AE0C003504F1 /* Parameters */,
				EA8027AB2204610500954120 /* Data Models */,
				EA8027AE2204610500954120 /* Service */,
			);
			path = "Network Layer";
			sourceTree = "<group>";
		};
		EA8027AB2204610500954120 /* Data Models */ = {
			isa = PBXGroup;
			children = (
				EA8027AC2204610500954120 /* UserResponse.swift */,
				EADF06362204C37C008C2505 /* ImageResponse.swift */,
				B191E1002205FE7400FD2C59 /* AuthResponse.swift */,
			);
			path = "Data Models";
			sourceTree = "<group>";
		};
		EA8027AE2204610500954120 /* Service */ = {
			isa = PBXGroup;
			children = (
				EA8027AF2204610500954120 /* NetworkRouter.swift */,
				EA8027B02204610500954120 /* NetworkService.swift */,
				EA8027B12204610500954120 /* NetworkResult.swift */,
				EA8027B22204610500954120 /* Endpoint.swift */,
				B191E1042206328F00FD2C59 /* HTTPMethod.swift */,
			);
			path = Service;
			sourceTree = "<group>";
		};
/* End PBXGroup section */

/* Begin PBXNativeTarget section */
		EA80277022045C5100954120 /* HeyBeach */ = {
			isa = PBXNativeTarget;
			buildConfigurationList = EA80278E22045C5200954120 /* Build configuration list for PBXNativeTarget "HeyBeach" */;
			buildPhases = (
				EA80276D22045C5100954120 /* Sources */,
				EA80276E22045C5100954120 /* Frameworks */,
				EA80276F22045C5100954120 /* Resources */,
			);
			buildRules = (
			);
			dependencies = (
			);
			name = HeyBeach;
			productName = HeyBeach;
			productReference = EA80277122045C5100954120 /* HeyBeach.app */;
			productType = "com.apple.product-type.application";
		};
		EA80278422045C5200954120 /* HeyBeachTests */ = {
			isa = PBXNativeTarget;
			buildConfigurationList = EA80279122045C5200954120 /* Build configuration list for PBXNativeTarget "HeyBeachTests" */;
			buildPhases = (
				EA80278122045C5200954120 /* Sources */,
				EA80278222045C5200954120 /* Frameworks */,
				EA80278322045C5200954120 /* Resources */,
			);
			buildRules = (
			);
			dependencies = (
				EA80278722045C5200954120 /* PBXTargetDependency */,
			);
			name = HeyBeachTests;
			productName = HeyBeachTests;
			productReference = EA80278522045C5200954120 /* HeyBeachTests.xctest */;
			productType = "com.apple.product-type.bundle.unit-test";
		};
/* End PBXNativeTarget section */

/* Begin PBXProject section */
		EA80276922045C5100954120 /* Project object */ = {
			isa = PBXProject;
			attributes = {
				LastSwiftUpdateCheck = 1010;
				LastUpgradeCheck = 1010;
				ORGANIZATIONNAME = lab1886;
				TargetAttributes = {
					EA80277022045C5100954120 = {
						CreatedOnToolsVersion = 10.1;
					};
					EA80278422045C5200954120 = {
						CreatedOnToolsVersion = 10.1;
						TestTargetID = EA80277022045C5100954120;
					};
				};
			};
			buildConfigurationList = EA80276C22045C5100954120 /* Build configuration list for PBXProject "HeyBeach" */;
			compatibilityVersion = "Xcode 9.3";
			developmentRegion = en;
			hasScannedForEncodings = 0;
			knownRegions = (
				en,
				Base,
			);
			mainGroup = EA80276822045C5100954120;
			productRefGroup = EA80277222045C5100954120 /* Products */;
			projectDirPath = "";
			projectRoot = "";
			targets = (
				EA80277022045C5100954120 /* HeyBeach */,
				EA80278422045C5200954120 /* HeyBeachTests */,
			);
		};
/* End PBXProject section */

/* Begin PBXResourcesBuildPhase section */
		EA80276F22045C5100954120 /* Resources */ = {
			isa = PBXResourcesBuildPhase;
			buildActionMask = 2147483647;
			files = (
				EA80277F22045C5200954120 /* LaunchScreen.storyboard in Resources */,
				EA80277C22045C5200954120 /* Assets.xcassets in Resources */,
				EA80277A22045C5100954120 /* Main.storyboard in Resources */,
			);
			runOnlyForDeploymentPostprocessing = 0;
		};
		EA80278322045C5200954120 /* Resources */ = {
			isa = PBXResourcesBuildPhase;
			buildActionMask = 2147483647;
			files = (
				EA685FBD220488D3003504F1 /* ImageListResponse.json in Resources */,
			);
			runOnlyForDeploymentPostprocessing = 0;
		};
/* End PBXResourcesBuildPhase section */

/* Begin PBXSourcesBuildPhase section */
		EA80276D22045C5100954120 /* Sources */ = {
			isa = PBXSourcesBuildPhase;
			buildActionMask = 2147483647;
			files = (
				EADF06372204C37C008C2505 /* ImageResponse.swift in Sources */,
				EA8027B72204610600954120 /* Endpoint.swift in Sources */,
				EA8027B52204610600954120 /* NetworkService.swift in Sources */,
				EA80277722045C5100954120 /* ViewController.swift in Sources */,
				EA685FC52204B084003504F1 /* HTTPParametersConvertable.swift in Sources */,
				EA8027B42204610600954120 /* NetworkRouter.swift in Sources */,
				EA8027B62204610600954120 /* NetworkResult.swift in Sources */,
				EA685FC32204AE29003504F1 /* AuthParameters.swift in Sources */,
				B191E1052206328F00FD2C59 /* HTTPMethod.swift in Sources */,
				B191E1012205FE7400FD2C59 /* AuthResponse.swift in Sources */,
				EA80277522045C5100954120 /* AppDelegate.swift in Sources */,
				EA8027B32204610600954120 /* UserResponse.swift in Sources */,
			);
			runOnlyForDeploymentPostprocessing = 0;
		};
		EA80278122045C5200954120 /* Sources */ = {
			isa = PBXSourcesBuildPhase;
			buildActionMask = 2147483647;
			files = (
				EA685FBA220488D3003504F1 /* NetworkRouterMock.swift in Sources */,
				EA8027BB22047B4000954120 /* EndpointTest.swift in Sources */,
				EA8027B922047B3A00954120 /* NetworkServiceTest.swift in Sources */,
			);
			runOnlyForDeploymentPostprocessing = 0;
		};
/* End PBXSourcesBuildPhase section */

/* Begin PBXTargetDependency section */
		EA80278722045C5200954120 /* PBXTargetDependency */ = {
			isa = PBXTargetDependency;
			target = EA80277022045C5100954120 /* HeyBeach */;
			targetProxy = EA80278622045C5200954120 /* PBXContainerItemProxy */;
		};
/* End PBXTargetDependency section */

/* Begin PBXVariantGroup section */
		EA80277822045C5100954120 /* Main.storyboard */ = {
			isa = PBXVariantGroup;
			children = (
				EA80277922045C5100954120 /* Base */,
			);
			name = Main.storyboard;
			sourceTree = "<group>";
		};
		EA80277D22045C5200954120 /* LaunchScreen.storyboard */ = {
			isa = PBXVariantGroup;
			children = (
				EA80277E22045C5200954120 /* Base */,
			);
			name = LaunchScreen.storyboard;
			sourceTree = "<group>";
		};
/* End PBXVariantGroup section */

/* Begin XCBuildConfiguration section */
		EA80278C22045C5200954120 /* Debug */ = {
			isa = XCBuildConfiguration;
			buildSettings = {
				ALWAYS_SEARCH_USER_PATHS = NO;
				CLANG_ANALYZER_NONNULL = YES;
				CLANG_ANALYZER_NUMBER_OBJECT_CONVERSION = YES_AGGRESSIVE;
				CLANG_CXX_LANGUAGE_STANDARD = "gnu++14";
				CLANG_CXX_LIBRARY = "libc++";
				CLANG_ENABLE_MODULES = YES;
				CLANG_ENABLE_OBJC_ARC = YES;
				CLANG_ENABLE_OBJC_WEAK = YES;
				CLANG_WARN_BLOCK_CAPTURE_AUTORELEASING = YES;
				CLANG_WARN_BOOL_CONVERSION = YES;
				CLANG_WARN_COMMA = YES;
				CLANG_WARN_CONSTANT_CONVERSION = YES;
				CLANG_WARN_DEPRECATED_OBJC_IMPLEMENTATIONS = YES;
				CLANG_WARN_DIRECT_OBJC_ISA_USAGE = YES_ERROR;
				CLANG_WARN_DOCUMENTATION_COMMENTS = YES;
				CLANG_WARN_EMPTY_BODY = YES;
				CLANG_WARN_ENUM_CONVERSION = YES;
				CLANG_WARN_INFINITE_RECURSION = YES;
				CLANG_WARN_INT_CONVERSION = YES;
				CLANG_WARN_NON_LITERAL_NULL_CONVERSION = YES;
				CLANG_WARN_OBJC_IMPLICIT_RETAIN_SELF = YES;
				CLANG_WARN_OBJC_LITERAL_CONVERSION = YES;
				CLANG_WARN_OBJC_ROOT_CLASS = YES_ERROR;
				CLANG_WARN_RANGE_LOOP_ANALYSIS = YES;
				CLANG_WARN_STRICT_PROTOTYPES = YES;
				CLANG_WARN_SUSPICIOUS_MOVE = YES;
				CLANG_WARN_UNGUARDED_AVAILABILITY = YES_AGGRESSIVE;
				CLANG_WARN_UNREACHABLE_CODE = YES;
				CLANG_WARN__DUPLICATE_METHOD_MATCH = YES;
				CODE_SIGN_IDENTITY = "iPhone Developer";
				COPY_PHASE_STRIP = NO;
				DEBUG_INFORMATION_FORMAT = dwarf;
				ENABLE_STRICT_OBJC_MSGSEND = YES;
				ENABLE_TESTABILITY = YES;
				GCC_C_LANGUAGE_STANDARD = gnu11;
				GCC_DYNAMIC_NO_PIC = NO;
				GCC_NO_COMMON_BLOCKS = YES;
				GCC_OPTIMIZATION_LEVEL = 0;
				GCC_PREPROCESSOR_DEFINITIONS = (
					"DEBUG=1",
					"$(inherited)",
				);
				GCC_WARN_64_TO_32_BIT_CONVERSION = YES;
				GCC_WARN_ABOUT_RETURN_TYPE = YES_ERROR;
				GCC_WARN_UNDECLARED_SELECTOR = YES;
				GCC_WARN_UNINITIALIZED_AUTOS = YES_AGGRESSIVE;
				GCC_WARN_UNUSED_FUNCTION = YES;
				GCC_WARN_UNUSED_VARIABLE = YES;
				IPHONEOS_DEPLOYMENT_TARGET = 12.1;
				MTL_ENABLE_DEBUG_INFO = INCLUDE_SOURCE;
				MTL_FAST_MATH = YES;
				ONLY_ACTIVE_ARCH = YES;
				SDKROOT = iphoneos;
				SWIFT_ACTIVE_COMPILATION_CONDITIONS = DEBUG;
				SWIFT_OPTIMIZATION_LEVEL = "-Onone";
			};
			name = Debug;
		};
		EA80278D22045C5200954120 /* Release */ = {
			isa = XCBuildConfiguration;
			buildSettings = {
				ALWAYS_SEARCH_USER_PATHS = NO;
				CLANG_ANALYZER_NONNULL = YES;
				CLANG_ANALYZER_NUMBER_OBJECT_CONVERSION = YES_AGGRESSIVE;
				CLANG_CXX_LANGUAGE_STANDARD = "gnu++14";
				CLANG_CXX_LIBRARY = "libc++";
				CLANG_ENABLE_MODULES = YES;
				CLANG_ENABLE_OBJC_ARC = YES;
				CLANG_ENABLE_OBJC_WEAK = YES;
				CLANG_WARN_BLOCK_CAPTURE_AUTORELEASING = YES;
				CLANG_WARN_BOOL_CONVERSION = YES;
				CLANG_WARN_COMMA = YES;
				CLANG_WARN_CONSTANT_CONVERSION = YES;
				CLANG_WARN_DEPRECATED_OBJC_IMPLEMENTATIONS = YES;
				CLANG_WARN_DIRECT_OBJC_ISA_USAGE = YES_ERROR;
				CLANG_WARN_DOCUMENTATION_COMMENTS = YES;
				CLANG_WARN_EMPTY_BODY = YES;
				CLANG_WARN_ENUM_CONVERSION = YES;
				CLANG_WARN_INFINITE_RECURSION = YES;
				CLANG_WARN_INT_CONVERSION = YES;
				CLANG_WARN_NON_LITERAL_NULL_CONVERSION = YES;
				CLANG_WARN_OBJC_IMPLICIT_RETAIN_SELF = YES;
				CLANG_WARN_OBJC_LITERAL_CONVERSION = YES;
				CLANG_WARN_OBJC_ROOT_CLASS = YES_ERROR;
				CLANG_WARN_RANGE_LOOP_ANALYSIS = YES;
				CLANG_WARN_STRICT_PROTOTYPES = YES;
				CLANG_WARN_SUSPICIOUS_MOVE = YES;
				CLANG_WARN_UNGUARDED_AVAILABILITY = YES_AGGRESSIVE;
				CLANG_WARN_UNREACHABLE_CODE = YES;
				CLANG_WARN__DUPLICATE_METHOD_MATCH = YES;
				CODE_SIGN_IDENTITY = "iPhone Developer";
				COPY_PHASE_STRIP = NO;
				DEBUG_INFORMATION_FORMAT = "dwarf-with-dsym";
				ENABLE_NS_ASSERTIONS = NO;
				ENABLE_STRICT_OBJC_MSGSEND = YES;
				GCC_C_LANGUAGE_STANDARD = gnu11;
				GCC_NO_COMMON_BLOCKS = YES;
				GCC_WARN_64_TO_32_BIT_CONVERSION = YES;
				GCC_WARN_ABOUT_RETURN_TYPE = YES_ERROR;
				GCC_WARN_UNDECLARED_SELECTOR = YES;
				GCC_WARN_UNINITIALIZED_AUTOS = YES_AGGRESSIVE;
				GCC_WARN_UNUSED_FUNCTION = YES;
				GCC_WARN_UNUSED_VARIABLE = YES;
				IPHONEOS_DEPLOYMENT_TARGET = 12.1;
				MTL_ENABLE_DEBUG_INFO = NO;
				MTL_FAST_MATH = YES;
				SDKROOT = iphoneos;
				SWIFT_COMPILATION_MODE = wholemodule;
				SWIFT_OPTIMIZATION_LEVEL = "-O";
				VALIDATE_PRODUCT = YES;
			};
			name = Release;
		};
		EA80278F22045C5200954120 /* Debug */ = {
			isa = XCBuildConfiguration;
			buildSettings = {
				ASSETCATALOG_COMPILER_APPICON_NAME = AppIcon;
				CODE_SIGN_STYLE = Automatic;
				INFOPLIST_FILE = HeyBeach/Info.plist;
				LD_RUNPATH_SEARCH_PATHS = (
					"$(inherited)",
					"@executable_path/Frameworks",
				);
				PRODUCT_BUNDLE_IDENTIFIER = com.lab1886.HeyBeach;
				PRODUCT_NAME = "$(TARGET_NAME)";
				SWIFT_VERSION = 4.2;
				TARGETED_DEVICE_FAMILY = "1,2";
			};
			name = Debug;
		};
		EA80279022045C5200954120 /* Release */ = {
			isa = XCBuildConfiguration;
			buildSettings = {
				ASSETCATALOG_COMPILER_APPICON_NAME = AppIcon;
				CODE_SIGN_STYLE = Automatic;
				INFOPLIST_FILE = HeyBeach/Info.plist;
				LD_RUNPATH_SEARCH_PATHS = (
					"$(inherited)",
					"@executable_path/Frameworks",
				);
				PRODUCT_BUNDLE_IDENTIFIER = com.lab1886.HeyBeach;
				PRODUCT_NAME = "$(TARGET_NAME)";
				SWIFT_VERSION = 4.2;
				TARGETED_DEVICE_FAMILY = "1,2";
			};
			name = Release;
		};
		EA80279222045C5200954120 /* Debug */ = {
			isa = XCBuildConfiguration;
			buildSettings = {
				ALWAYS_EMBED_SWIFT_STANDARD_LIBRARIES = YES;
				BUNDLE_LOADER = "$(TEST_HOST)";
				CODE_SIGN_STYLE = Automatic;
				INFOPLIST_FILE = HeyBeachTests/Info.plist;
				LD_RUNPATH_SEARCH_PATHS = (
					"$(inherited)",
					"@executable_path/Frameworks",
					"@loader_path/Frameworks",
				);
				PRODUCT_BUNDLE_IDENTIFIER = com.lab1886.HeyBeachTests;
				PRODUCT_NAME = "$(TARGET_NAME)";
				SWIFT_VERSION = 4.2;
				TARGETED_DEVICE_FAMILY = "1,2";
				TEST_HOST = "$(BUILT_PRODUCTS_DIR)/HeyBeach.app/HeyBeach";
			};
			name = Debug;
		};
		EA80279322045C5200954120 /* Release */ = {
			isa = XCBuildConfiguration;
			buildSettings = {
				ALWAYS_EMBED_SWIFT_STANDARD_LIBRARIES = YES;
				BUNDLE_LOADER = "$(TEST_HOST)";
				CODE_SIGN_STYLE = Automatic;
				INFOPLIST_FILE = HeyBeachTests/Info.plist;
				LD_RUNPATH_SEARCH_PATHS = (
					"$(inherited)",
					"@executable_path/Frameworks",
					"@loader_path/Frameworks",
				);
				PRODUCT_BUNDLE_IDENTIFIER = com.lab1886.HeyBeachTests;
				PRODUCT_NAME = "$(TARGET_NAME)";
				SWIFT_VERSION = 4.2;
				TARGETED_DEVICE_FAMILY = "1,2";
				TEST_HOST = "$(BUILT_PRODUCTS_DIR)/HeyBeach.app/HeyBeach";
			};
			name = Release;
		};
/* End XCBuildConfiguration section */

/* Begin XCConfigurationList section */
		EA80276C22045C5100954120 /* Build configuration list for PBXProject "HeyBeach" */ = {
			isa = XCConfigurationList;
			buildConfigurations = (
				EA80278C22045C5200954120 /* Debug */,
				EA80278D22045C5200954120 /* Release */,
			);
			defaultConfigurationIsVisible = 0;
			defaultConfigurationName = Release;
		};
		EA80278E22045C5200954120 /* Build configuration list for PBXNativeTarget "HeyBeach" */ = {
			isa = XCConfigurationList;
			buildConfigurations = (
				EA80278F22045C5200954120 /* Debug */,
				EA80279022045C5200954120 /* Release */,
			);
			defaultConfigurationIsVisible = 0;
			defaultConfigurationName = Release;
		};
		EA80279122045C5200954120 /* Build configuration list for PBXNativeTarget "HeyBeachTests" */ = {
			isa = XCConfigurationList;
			buildConfigurations = (
				EA80279222045C5200954120 /* Debug */,
				EA80279322045C5200954120 /* Release */,
			);
			defaultConfigurationIsVisible = 0;
			defaultConfigurationName = Release;
		};
/* End XCConfigurationList section */
	};
	rootObject = EA80276922045C5100954120 /* Project object */;
}
